
Microsoft Visual Studio Solution File, Format Version 12.00
# Visual Studio Version 17
VisualStudioVersion = 17.6.33723.286
MinimumVisualStudioVersion = 10.0.40219.1
Project("{FAE04EC0-301F-11D3-BF4B-00C04F79EFBC}") = "#31github", "#31github\#31github.csproj", "{BC12655E-8BF3-454E-BEAE-1BA1F66AE40D}"
EndProject
Global
	GlobalSection(SolutionConfigurationPlatforms) = preSolution
		Debug|Any CPU = Debug|Any CPU
		Release|Any CPU = Release|Any CPU
	EndGlobalSection
	GlobalSection(ProjectConfigurationPlatforms) = postSolution
		{BC12655E-8BF3-454E-BEAE-1BA1F66AE40D}.Debug|Any CPU.ActiveCfg = Debug|Any CPU
		{BC12655E-8BF3-454E-BEAE-1BA1F66AE40D}.Debug|Any CPU.Build.0 = Debug|Any CPU
		{BC12655E-8BF3-454E-BEAE-1BA1F66AE40D}.Release|Any CPU.ActiveCfg = Release|Any CPU
		{BC12655E-8BF3-454E-BEAE-1BA1F66AE40D}.Release|Any CPU.Build.0 = Release|Any CPU
	EndGlobalSection
	GlobalSection(SolutionProperties) = preSolution
		HideSolutionNode = FALSE
	EndGlobalSection
	GlobalSection(ExtensibilityGlobals) = postSolution
		SolutionGuid = {DEDB03F3-9B9C-4DEF-AD0C-80F62C7374D6}
	EndGlobalSection
EndGlobal
